# THIS IS AN AUTOGENERATED FILE. DO NOT EDIT THIS FILE DIRECTLY.
# yarn lockfile v1


concolor@^1.1.0:
  version "1.1.0"
  resolved "https://registry.yarnpkg.com/concolor/-/concolor-1.1.0.tgz#2f775068f2dba9e216101e75845add6bedf1a1bf"
  integrity sha512-+3Fv9sVckhuzfksFU3e0lONmWKiL+Z88/R01KpAIqW2gVsmL8Ojw/KhkVcyAEeQeVBZcbb9zoDFbVcfVj4Pg9A==

impress@^2.6.10:
  version "2.6.10"
  resolved "https://registry.yarnpkg.com/impress/-/impress-2.6.10.tgz#ebe2c79bcb576f7e9838c7ed9de8f11458f4d080"
  integrity sha512-fR4JdFUlD0ot4mEIvXq5fz5GFd6apJQMQFcNexH/P/msSh4xiRGdcHRYbNaeiXkFjrC1wmwYLP3017dQHMIlIg==
  dependencies:
    metacom "^2.0.7"
    metaconfiguration "^2.1.6"
    metalog "^3.1.8"
    metaschema "^1.4.1"
    metautil "^3.5.20"
    metavm "^1.1.0"
    metawatch "^1.0.5"

metacom@^2.0.7:
  version "2.0.8"
  resolved "https://registry.yarnpkg.com/metacom/-/metacom-2.0.8.tgz#1274d0a284e66e59295ec7dad1cc487de0025936"
  integrity sha512-3PWBBsF+BkFraGNldVdkcgOKH82afaAL/xulfpHICO38gS9seI26jCbcfsOdrjgpKfwlXY3vM5f7xP+zqhs8YA==
  dependencies:
    metautil "^3.5.20"
    ws "^8.6.0"

metaconfiguration@^2.1.6:
  version "2.2.0"
  resolved "https://registry.yarnpkg.com/metaconfiguration/-/metaconfiguration-2.2.0.tgz#d63c88ee09b5b6c7a74e08c2701c0d1746073fe7"
  integrity sha512-PummHfbQo1G6TW1LD7z82htm9GnWgYjDNdcGduYn7E6OUtijb8ron4z3nvJvTN6mDcehuvpgROTbjztOEKf/NQ==
  dependencies:
    metavm "^1.4.0"

metalog@^3.1.8:
  version "3.1.14"
  resolved "https://registry.yarnpkg.com/metalog/-/metalog-3.1.14.tgz#08665dde21d25143282c638b8ba56b778262ab5e"
  integrity sha512-lhC08NIa77JWXeOZxy06OwgacQr2nCX0Cy2TDoxFRjaAK3DHTNG9ubh17iWTsz1yvt1F7pTLlQ57ZCponOfKBQ==
  dependencies:
    concolor "^1.1.0"
    metautil "^5.0.0"

metaschema@^1.4.1:
  version "1.4.1"
  resolved "https://registry.yarnpkg.com/metaschema/-/metaschema-1.4.1.tgz#7bff3668f6955d2c5317f1c2f6aebe04cef74f8a"
  integrity sha512-8yLabUbaIv742y7oJ4JVUit/vqCk+Qm0m9wQ9s6lyDqSUvpQIZEyWvNf3W9go7imEXsXAH+rcZVfj00omr3cKg==
  dependencies:
    metautil "^3.5.19"
    metavm "^1.1.0"

metautil@^3.5.19, metautil@^3.5.20:
  version "3.15.0"
  resolved "https://registry.yarnpkg.com/metautil/-/metautil-3.15.0.tgz#0eef1c0623479eb39fa9771fe544f2712ed7360a"
  integrity sha512-kGG920X8R10X6He2VKPRQFtG45DcDCSYgZehUFoqES52Tv88VALJm6EplZGwDRK7IiBDWsWDeS8d2OcW6bVXeg==

metautil@^5.0.0:
  version "5.2.2"
  resolved "https://registry.yarnpkg.com/metautil/-/metautil-5.2.2.tgz#688b15a05f63ea27b2d01db7381e10a1ba575099"
  integrity sha512-P+ulhESgwM+nfb4zmz/VVEo6M0LwrUiJPJKHEEfGasUuxPMtVBd3tX2RKGhxUmoQPI9SB8FcWcz+DCpn4sGBmQ==

metavm@^1.1.0, metavm@^1.4.0:
  version "1.4.1"
  resolved "https://registry.yarnpkg.com/metavm/-/metavm-1.4.1.tgz#f02c5d1f0cfdc5f6f3c17b4f1f7d5e1be8455a74"
  integrity sha512-LmJv6j8gjAQkEL5elIPa3Hlv1a4jY1IPOOyidDzTwmO1ZL+mCSJjHvmzMtbDyzZPi5CW929kmBRJttvBFI4B+w==

metawatch@^1.0.5:
  version "1.2.1"
  resolved "https://registry.yarnpkg.com/metawatch/-/metawatch-1.2.1.tgz#7e5333df4ffc853e3a484055ae0941dd05337c0e"
  integrity sha512-jYkH6ksioc0oVMuy7bZMYfaxe1KzMSNFUBn3wCDXDHeXWO2GwQ0mk2gAto9o5jZj/5dPuh+6jFl7ks/yPO0wEQ==

ws@^8.6.0:
  version "8.17.1"
  resolved "https://registry.yarnpkg.com/ws/-/ws-8.17.1.tgz#9293da530bb548febc95371d90f9c878727d919b"
  integrity sha512-6XQFvXTkbfUOZOKKILFG1PDK2NDQs4azKQl26T0YS5CxqWLgXajbPZ+h4gZekJyRqFU8pvnbAbbs/3TgRPy+GQ==
